{
  "lockfileVersion": 1,
  "configVersion": 1,
  "workspaces": {
    "": {
      "name": "ts-gif",
      "dependencies": {
        "data-uri-to-buffer": "^6.0.2",
      },
      "devDependencies": {
        "@types/cwise-compiler": "^1.1.6",
        "better-dx": "^0.2.11",
        "cwise-compiler": "^1.1.3",
        "typescript": "^5.9.3",
      },
    },
  },
  "packages": {
    "@types/cwise-compiler": ["@types/cwise-compiler@1.1.6", "", { "dependencies": { "@types/cwise-parser": "*", "@types/ndarray": "*" } }, "sha512-umbU4jHJd1J7rKd4NNt32LV6bnmFTfEadMTbePDtZPhWwKOywC/NnmjNS/kZ954H3VPCYJPNX0aeQ61m2TtiBg=="],

    "@types/cwise-parser": ["@types/cwise-parser@1.0.3", "", {}, "sha512-fNxPFVmoY+R9OyQ1+IwsW+EPu2RTY9add0Ux85npnJOPGVwcBXsFLMdxXFjxUKCDoMcKJe3mDZvvc2lv0dVNvA=="],

    "@types/ndarray": ["@types/ndarray@1.0.14", "", {}, "sha512-oANmFZMnFQvb219SSBIhI1Ih/r4CvHDOzkWyJS/XRqkMrGH5/kaPSA1hQhdIBzouaE+5KpE/f5ylI9cujmckQg=="],

    "better-dx": ["better-dx@0.2.11", "", { "peerDependencies": { "@stacksjs/bumpx": "^0.2.5", "@stacksjs/bunpress": "^0.1.4", "@stacksjs/clarity": "^0.3.28", "@stacksjs/gitlint": "^0.1.5", "@stacksjs/logsmith": "^0.2.1", "@types/bun": "^1.3.13", "buddy-bot": "^0.9.17", "bun-git-hooks": "^0.3.1", "bun-plugin-dtsx": "^0.9.14", "bunfig": "^0.15.11", "pickier": "^0.1.27", "ts-error-handling": "^0.1.1", "typescript": "^6.0.3" }, "optionalPeers": ["@stacksjs/bumpx", "@stacksjs/bunpress", "@stacksjs/clarity", "@stacksjs/gitlint", "@stacksjs/logsmith", "@types/bun", "buddy-bot", "bun-git-hooks", "bun-plugin-dtsx", "bunfig", "pickier", "ts-error-handling", "typescript"] }, "sha512-0I5Upk9+IC3VFYGmOsw6H/4WBjvw+oTa8pku2FE+YT3oBucGIaJiWR5mdak5t+DIckKL1FoSHA37zng/jtWvjw=="],

    "cwise-compiler": ["cwise-compiler@1.1.3", "", { "dependencies": { "uniq": "^1.0.0" } }, "sha512-WXlK/m+Di8DMMcCjcWr4i+XzcQra9eCdXIJrgh4TUgh0pIS/yJduLxS9JgefsHJ/YVLdgPtXm9r62W92MvanEQ=="],

    "data-uri-to-buffer": ["data-uri-to-buffer@6.0.2", "", {}, "sha512-7hvf7/GW8e86rW0ptuwS3OcBGDjIi6SZva7hCyWC0yYry2cOPmLIjXAUHI6DK2HsnwJd9ifmt57i8eV2n4YNpw=="],

    "typescript": ["typescript@5.9.3", "", { "bin": { "tsc": "bin/tsc", "tsserver": "bin/tsserver" } }, "sha512-jl1vZzPDinLr9eUt3J/t7V6FgNEw9QjvBPdysz9KfQDD41fQrC2Y4vKQdiaUpFT4bXlb1RHhLpp8wtm6M5TgSw=="],

    "uniq": ["uniq@1.0.1", "", {}, "sha512-Gw+zz50YNKPDKXs+9d+aKAjVwpjNwqzvNpLigIruT4HA9lMZNdMqs9x07kKHB/L9WRzqp4+DlTU5s4wG2esdoA=="],
  }
}
